
Microsoft Visual Studio Solution File, Format Version 12.00
# Visual Studio Version 17
VisualStudioVersion = 17.5.33424.131
MinimumVisualStudioVersion = 10.0.40219.1
Project("{FAE04EC0-301F-11D3-BF4B-00C04F79EFBC}") = "AeCBot", "AeCBot\AeCBot.csproj", "{6DCE128A-5AE5-4651-805D-21AEA3BDF23B}"
EndProject
Project("{9A19103F-16F7-4668-BE54-9A1E7A4F7556}") = "AutomationBotAPI", "..\AutomationBotAPI\AutomationBotAPI\AutomationBotAPI.csproj", "{CEF3BD3C-D116-4843-B08E-F3A782DDB8E0}"
EndProject
Global
	GlobalSection(SolutionConfigurationPlatforms) = preSolution
		Debug|Any CPU = Debug|Any CPU
		Release|Any CPU = Release|Any CPU
	EndGlobalSection
	GlobalSection(ProjectConfigurationPlatforms) = postSolution
		{6DCE128A-5AE5-4651-805D-21AEA3BDF23B}.Debug|Any CPU.ActiveCfg = Debug|Any CPU
		{6DCE128A-5AE5-4651-805D-21AEA3BDF23B}.Debug|Any CPU.Build.0 = Debug|Any CPU
		{6DCE128A-5AE5-4651-805D-21AEA3BDF23B}.Release|Any CPU.ActiveCfg = Release|Any CPU
		{6DCE128A-5AE5-4651-805D-21AEA3BDF23B}.Release|Any CPU.Build.0 = Release|Any CPU
		{CEF3BD3C-D116-4843-B08E-F3A782DDB8E0}.Debug|Any CPU.ActiveCfg = Debug|Any CPU
		{CEF3BD3C-D116-4843-B08E-F3A782DDB8E0}.Debug|Any CPU.Build.0 = Debug|Any CPU
		{CEF3BD3C-D116-4843-B08E-F3A782DDB8E0}.Release|Any CPU.ActiveCfg = Release|Any CPU
		{CEF3BD3C-D116-4843-B08E-F3A782DDB8E0}.Release|Any CPU.Build.0 = Release|Any CPU
	EndGlobalSection
	GlobalSection(SolutionProperties) = preSolution
		HideSolutionNode = FALSE
	EndGlobalSection
	GlobalSection(ExtensibilityGlobals) = postSolution
		SolutionGuid = {C3CEF19D-E119-4FCF-B7B0-DD1E374CC2E8}
	EndGlobalSection
EndGlobal
