
Microsoft Visual Studio Solution File, Format Version 12.00
# Visual Studio Version 17
VisualStudioVersion = 17.5.33424.131
MinimumVisualStudioVersion = 10.0.40219.1
Project("{FAE04EC0-301F-11D3-BF4B-00C04F79EFBC}") = "AutomationBotAPI", "AutomationBotAPI\AutomationBotAPI.csproj", "{75107441-705D-4788-B834-8397A7CE989A}"
EndProject
Global
	GlobalSection(SolutionConfigurationPlatforms) = preSolution
		Debug|Any CPU = Debug|Any CPU
		Release|Any CPU = Release|Any CPU
	EndGlobalSection
	GlobalSection(ProjectConfigurationPlatforms) = postSolution
		{75107441-705D-4788-B834-8397A7CE989A}.Debug|Any CPU.ActiveCfg = Debug|Any CPU
		{75107441-705D-4788-B834-8397A7CE989A}.Debug|Any CPU.Build.0 = Debug|Any CPU
		{75107441-705D-4788-B834-8397A7CE989A}.Release|Any CPU.ActiveCfg = Release|Any CPU
		{75107441-705D-4788-B834-8397A7CE989A}.Release|Any CPU.Build.0 = Release|Any CPU
	EndGlobalSection
	GlobalSection(SolutionProperties) = preSolution
		HideSolutionNode = FALSE
	EndGlobalSection
	GlobalSection(ExtensibilityGlobals) = postSolution
		SolutionGuid = {CF15D5F9-0792-4BF1-A64A-39C67AEF9FB3}
	EndGlobalSection
EndGlobal
